// !$*UTF8*$!
{
	archiveVersion = 1;
	classes = {
	};
	objectVersion = 55;
	objects = {

/* Begin PBXBuildFile section */
		8108AD0328B7ED6D00E881DE /* AppDelegate.swift in Sources */ = {isa = PBXBuildFile; fileRef = 8108AD0228B7ED6D00E881DE /* AppDelegate.swift */; };
		8108AD0528B7ED6D00E881DE /* SceneDelegate.swift in Sources */ = {isa = PBXBuildFile; fileRef = 8108AD0428B7ED6D00E881DE /* SceneDelegate.swift */; };
		8108AD0C28B7ED7000E881DE /* Assets.xcassets in Resources */ = {isa = PBXBuildFile; fileRef = 8108AD0B28B7ED7000E881DE /* Assets.xcassets */; };
		8108AD0F28B7ED7000E881DE /* LaunchScreen.storyboard in Resources */ = {isa = PBXBuildFile; fileRef = 8108AD0D28B7ED7000E881DE /* LaunchScreen.storyboard */; };
		8108AD1728B7EDC000E881DE /* ModuleBuilder.swift in Sources */ = {isa = PBXBuildFile; fileRef = 8108AD1628B7EDC000E881DE /* ModuleBuilder.swift */; };
		8108AD2E28B7F10600E881DE /* MainCollectionViewCell.swift in Sources */ = {isa = PBXBuildFile; fileRef = 8108AD2D28B7F10600E881DE /* MainCollectionViewCell.swift */; };
		8108AD3128B7F15C00E881DE /* UIFont.swift in Sources */ = {isa = PBXBuildFile; fileRef = 8108AD3028B7F15C00E881DE /* UIFont.swift */; };
		8108AD3328B7F16E00E881DE /* UIColor.swift in Sources */ = {isa = PBXBuildFile; fileRef = 8108AD3228B7F16E00E881DE /* UIColor.swift */; };
		8108AD3528B7F1B400E881DE /* TitleSupplementaryView.swift in Sources */ = {isa = PBXBuildFile; fileRef = 8108AD3428B7F1B400E881DE /* TitleSupplementaryView.swift */; };
		8108AD3728B7F58C00E881DE /* MovieModel.swift in Sources */ = {isa = PBXBuildFile; fileRef = 8108AD3628B7F58C00E881DE /* MovieModel.swift */; };
		8108AD3928B7F5C600E881DE /* NetworkService.swift in Sources */ = {isa = PBXBuildFile; fileRef = 8108AD3828B7F5C600E881DE /* NetworkService.swift */; };
		8108AD3C28B7F8E200E881DE /* NetworkDataFetcher.swift in Sources */ = {isa = PBXBuildFile; fileRef = 8108AD3B28B7F8E200E881DE /* NetworkDataFetcher.swift */; };
		8108AD3E28B7FAE700E881DE /* MainPresenter.swift in Sources */ = {isa = PBXBuildFile; fileRef = 8108AD3D28B7FAE700E881DE /* MainPresenter.swift */; };
		8108AD4028B7FD3C00E881DE /* Constants.swift in Sources */ = {isa = PBXBuildFile; fileRef = 8108AD3F28B7FD3C00E881DE /* Constants.swift */; };
		8108AD4228B805CA00E881DE /* MainViewController.swift in Sources */ = {isa = PBXBuildFile; fileRef = 8108AD4128B805CA00E881DE /* MainViewController.swift */; };
		8108AD4628BA25E000E881DE /* Roboto-Bold.ttf in Resources */ = {isa = PBXBuildFile; fileRef = 8108AD4428BA25E000E881DE /* Roboto-Bold.ttf */; };
		8108AD4728BA25E000E881DE /* Roboto-Medium.ttf in Resources */ = {isa = PBXBuildFile; fileRef = 8108AD4528BA25E000E881DE /* Roboto-Medium.ttf */; };
		8108AD4A28BA27E700E881DE /* DetailPresenter.swift in Sources */ = {isa = PBXBuildFile; fileRef = 8108AD4928BA27E700E881DE /* DetailPresenter.swift */; };
		8108AD4C28BA29C100E881DE /* DetailViewController.swift in Sources */ = {isa = PBXBuildFile; fileRef = 8108AD4B28BA29C100E881DE /* DetailViewController.swift */; };
		8108AD4E28BA2A9300E881DE /* DetailCell.swift in Sources */ = {isa = PBXBuildFile; fileRef = 8108AD4D28BA2A9300E881DE /* DetailCell.swift */; };
		8108AD5528BD392B00E881DE /* SerialModel.swift in Sources */ = {isa = PBXBuildFile; fileRef = 8108AD5428BD392B00E881DE /* SerialModel.swift */; };
		8108AD5728BE9E6C00E881DE /* SerialAndMovieCastModel.swift in Sources */ = {isa = PBXBuildFile; fileRef = 8108AD5628BE9E6C00E881DE /* SerialAndMovieCastModel.swift */; };
		8164D7B628E5FC6200659D31 /* Realm in Frameworks */ = {isa = PBXBuildFile; productRef = 8164D7B528E5FC6200659D31 /* Realm */; };
		8164D7B828E5FC6200659D31 /* RealmSwift in Frameworks */ = {isa = PBXBuildFile; productRef = 8164D7B728E5FC6200659D31 /* RealmSwift */; };
		8164D7BA28E6001100659D31 /* RealmModel.swift in Sources */ = {isa = PBXBuildFile; fileRef = 8164D7B928E6001100659D31 /* RealmModel.swift */; };
		8164D7C428ECAD7F00659D31 /* OnboardingModel.swift in Sources */ = {isa = PBXBuildFile; fileRef = 8164D7C328ECAD7F00659D31 /* OnboardingModel.swift */; };
		8164D7C628ECADF100659D31 /* OnboardingViewController.swift in Sources */ = {isa = PBXBuildFile; fileRef = 8164D7C528ECADF100659D31 /* OnboardingViewController.swift */; };
		8164D7C828ECB3A700659D31 /* OnboardingCell.swift in Sources */ = {isa = PBXBuildFile; fileRef = 8164D7C728ECB3A700659D31 /* OnboardingCell.swift */; };
		8164D7CA28EE155900659D31 /* OnboardingPresenter.swift in Sources */ = {isa = PBXBuildFile; fileRef = 8164D7C928EE155900659D31 /* OnboardingPresenter.swift */; };
		81735CC828CF9E58003F9D3F /* MainTabbarViewController.swift in Sources */ = {isa = PBXBuildFile; fileRef = 81735CC728CF9E58003F9D3F /* MainTabbarViewController.swift */; };
		81735CCA28CFA03F003F9D3F /* ProfileViewController.swift in Sources */ = {isa = PBXBuildFile; fileRef = 81735CC928CFA03F003F9D3F /* ProfileViewController.swift */; };
		81735CCC28CFA06F003F9D3F /* FavouriteViewController.swift in Sources */ = {isa = PBXBuildFile; fileRef = 81735CCB28CFA06F003F9D3F /* FavouriteViewController.swift */; };
		81735CCE28CFAA15003F9D3F /* FavouritesPresenter.swift in Sources */ = {isa = PBXBuildFile; fileRef = 81735CCD28CFAA15003F9D3F /* FavouritesPresenter.swift */; };
		81735CD028CFAE39003F9D3F /* ProfilePresenter.swift in Sources */ = {isa = PBXBuildFile; fileRef = 81735CCF28CFAE39003F9D3F /* ProfilePresenter.swift */; };
		81820EC828F2C76200538792 /* UILabel.swift in Sources */ = {isa = PBXBuildFile; fileRef = 81820EC728F2C76200538792 /* UILabel.swift */; };
		818F400D28E202B1009E0369 /* FavouriteCell.swift in Sources */ = {isa = PBXBuildFile; fileRef = 818F400C28E202B1009E0369 /* FavouriteCell.swift */; };
		818F401228E21957009E0369 /* WebViewViewController.swift in Sources */ = {isa = PBXBuildFile; fileRef = 818F401128E21957009E0369 /* WebViewViewController.swift */; };
		818F401428E21A8C009E0369 /* WebViewPresenter.swift in Sources */ = {isa = PBXBuildFile; fileRef = 818F401328E21A8C009E0369 /* WebViewPresenter.swift */; };
/* End PBXBuildFile section */

/* Begin PBXFileReference section */
		8108ACFF28B7ED6D00E881DE /* MovieMVP.app */ = {isa = PBXFileReference; explicitFileType = wrapper.application; includeInIndex = 0; path = MovieMVP.app; sourceTree = BUILT_PRODUCTS_DIR; };
		8108AD0228B7ED6D00E881DE /* AppDelegate.swift */ = {isa = PBXFileReference; lastKnownFileType = sourcecode.swift; path = AppDelegate.swift; sourceTree = "<group>"; };
		8108AD0428B7ED6D00E881DE /* SceneDelegate.swift */ = {isa = PBXFileReference; lastKnownFileType = sourcecode.swift; path = SceneDelegate.swift; sourceTree = "<group>"; };
		8108AD0B28B7ED7000E881DE /* Assets.xcassets */ = {isa = PBXFileReference; lastKnownFileType = folder.assetcatalog; path = Assets.xcassets; sourceTree = "<group>"; };
		8108AD0E28B7ED7000E881DE /* Base */ = {isa = PBXFileReference; lastKnownFileType = file.storyboard; name = Base; path = Base.lproj/LaunchScreen.storyboard; sourceTree = "<group>"; };
		8108AD1028B7ED7000E881DE /* Info.plist */ = {isa = PBXFileReference; lastKnownFileType = text.plist.xml; path = Info.plist; sourceTree = "<group>"; };
		8108AD1628B7EDC000E881DE /* ModuleBuilder.swift */ = {isa = PBXFileReference; lastKnownFileType = sourcecode.swift; path = ModuleBuilder.swift; sourceTree = "<group>"; };
		8108AD2D28B7F10600E881DE /* MainCollectionViewCell.swift */ = {isa = PBXFileReference; lastKnownFileType = sourcecode.swift; path = MainCollectionViewCell.swift; sourceTree = "<group>"; };
		8108AD3028B7F15C00E881DE /* UIFont.swift */ = {isa = PBXFileReference; lastKnownFileType = sourcecode.swift; path = UIFont.swift; sourceTree = "<group>"; };
		8108AD3228B7F16E00E881DE /* UIColor.swift */ = {isa = PBXFileReference; lastKnownFileType = sourcecode.swift; path = UIColor.swift; sourceTree = "<group>"; };
		8108AD3428B7F1B400E881DE /* TitleSupplementaryView.swift */ = {isa = PBXFileReference; lastKnownFileType = sourcecode.swift; path = TitleSupplementaryView.swift; sourceTree = "<group>"; };
		8108AD3628B7F58C00E881DE /* MovieModel.swift */ = {isa = PBXFileReference; lastKnownFileType = sourcecode.swift; path = MovieModel.swift; sourceTree = "<group>"; };
		8108AD3828B7F5C600E881DE /* NetworkService.swift */ = {isa = PBXFileReference; lastKnownFileType = sourcecode.swift; path = NetworkService.swift; sourceTree = "<group>"; };
		8108AD3B28B7F8E200E881DE /* NetworkDataFetcher.swift */ = {isa = PBXFileReference; lastKnownFileType = sourcecode.swift; path = NetworkDataFetcher.swift; sourceTree = "<group>"; };
		8108AD3D28B7FAE700E881DE /* MainPresenter.swift */ = {isa = PBXFileReference; lastKnownFileType = sourcecode.swift; path = MainPresenter.swift; sourceTree = "<group>"; };
		8108AD3F28B7FD3C00E881DE /* Constants.swift */ = {isa = PBXFileReference; lastKnownFileType = sourcecode.swift; path = Constants.swift; sourceTree = "<group>"; };
		8108AD4128B805CA00E881DE /* MainViewController.swift */ = {isa = PBXFileReference; lastKnownFileType = sourcecode.swift; path = MainViewController.swift; sourceTree = "<group>"; };
		8108AD4428BA25E000E881DE /* Roboto-Bold.ttf */ = {isa = PBXFileReference; lastKnownFileType = file; path = "Roboto-Bold.ttf"; sourceTree = "<group>"; };
		8108AD4528BA25E000E881DE /* Roboto-Medium.ttf */ = {isa = PBXFileReference; lastKnownFileType = file; path = "Roboto-Medium.ttf"; sourceTree = "<group>"; };
		8108AD4928BA27E700E881DE /* DetailPresenter.swift */ = {isa = PBXFileReference; lastKnownFileType = sourcecode.swift; path = DetailPresenter.swift; sourceTree = "<group>"; };
		8108AD4B28BA29C100E881DE /* DetailViewController.swift */ = {isa = PBXFileReference; lastKnownFileType = sourcecode.swift; path = DetailViewController.swift; sourceTree = "<group>"; };
		8108AD4D28BA2A9300E881DE /* DetailCell.swift */ = {isa = PBXFileReference; lastKnownFileType = sourcecode.swift; path = DetailCell.swift; sourceTree = "<group>"; };
		8108AD5428BD392B00E881DE /* SerialModel.swift */ = {isa = PBXFileReference; lastKnownFileType = sourcecode.swift; path = SerialModel.swift; sourceTree = "<group>"; };
		8108AD5628BE9E6C00E881DE /* SerialAndMovieCastModel.swift */ = {isa = PBXFileReference; lastKnownFileType = sourcecode.swift; path = SerialAndMovieCastModel.swift; sourceTree = "<group>"; };
		8164D7B928E6001100659D31 /* RealmModel.swift */ = {isa = PBXFileReference; lastKnownFileType = sourcecode.swift; path = RealmModel.swift; sourceTree = "<group>"; };
		8164D7C328ECAD7F00659D31 /* OnboardingModel.swift */ = {isa = PBXFileReference; lastKnownFileType = sourcecode.swift; path = OnboardingModel.swift; sourceTree = "<group>"; };
		8164D7C528ECADF100659D31 /* OnboardingViewController.swift */ = {isa = PBXFileReference; lastKnownFileType = sourcecode.swift; path = OnboardingViewController.swift; sourceTree = "<group>"; };
		8164D7C728ECB3A700659D31 /* OnboardingCell.swift */ = {isa = PBXFileReference; lastKnownFileType = sourcecode.swift; path = OnboardingCell.swift; sourceTree = "<group>"; };
		8164D7C928EE155900659D31 /* OnboardingPresenter.swift */ = {isa = PBXFileReference; lastKnownFileType = sourcecode.swift; path = OnboardingPresenter.swift; sourceTree = "<group>"; };
		81735CC728CF9E58003F9D3F /* MainTabbarViewController.swift */ = {isa = PBXFileReference; lastKnownFileType = sourcecode.swift; path = MainTabbarViewController.swift; sourceTree = "<group>"; };
		81735CC928CFA03F003F9D3F /* ProfileViewController.swift */ = {isa = PBXFileReference; lastKnownFileType = sourcecode.swift; path = ProfileViewController.swift; sourceTree = "<group>"; };
		81735CCB28CFA06F003F9D3F /* FavouriteViewController.swift */ = {isa = PBXFileReference; lastKnownFileType = sourcecode.swift; path = FavouriteViewController.swift; sourceTree = "<group>"; };
		81735CCD28CFAA15003F9D3F /* FavouritesPresenter.swift */ = {isa = PBXFileReference; lastKnownFileType = sourcecode.swift; path = FavouritesPresenter.swift; sourceTree = "<group>"; };
		81735CCF28CFAE39003F9D3F /* ProfilePresenter.swift */ = {isa = PBXFileReference; lastKnownFileType = sourcecode.swift; path = ProfilePresenter.swift; sourceTree = "<group>"; };
		81820EC728F2C76200538792 /* UILabel.swift */ = {isa = PBXFileReference; lastKnownFileType = sourcecode.swift; path = UILabel.swift; sourceTree = "<group>"; };
		818F400C28E202B1009E0369 /* FavouriteCell.swift */ = {isa = PBXFileReference; lastKnownFileType = sourcecode.swift; path = FavouriteCell.swift; sourceTree = "<group>"; };
		818F401128E21957009E0369 /* WebViewViewController.swift */ = {isa = PBXFileReference; lastKnownFileType = sourcecode.swift; path = WebViewViewController.swift; sourceTree = "<group>"; };
		818F401328E21A8C009E0369 /* WebViewPresenter.swift */ = {isa = PBXFileReference; lastKnownFileType = sourcecode.swift; path = WebViewPresenter.swift; sourceTree = "<group>"; };
/* End PBXFileReference section */

/* Begin PBXFrameworksBuildPhase section */
		8108ACFC28B7ED6D00E881DE /* Frameworks */ = {
			isa = PBXFrameworksBuildPhase;
			buildActionMask = 2147483647;
			files = (
				8164D7B828E5FC6200659D31 /* RealmSwift in Frameworks */,
				8164D7B628E5FC6200659D31 /* Realm in Frameworks */,
			);
			runOnlyForDeploymentPostprocessing = 0;
		};
/* End PBXFrameworksBuildPhase section */

/* Begin PBXGroup section */
		8108ACF628B7ED6D00E881DE = {
			isa = PBXGroup;
			children = (
				8108AD0128B7ED6D00E881DE /* MovieMVP */,
				8108AD0028B7ED6D00E881DE /* Products */,
			);
			sourceTree = "<group>";
		};
		8108AD0028B7ED6D00E881DE /* Products */ = {
			isa = PBXGroup;
			children = (
				8108ACFF28B7ED6D00E881DE /* MovieMVP.app */,
			);
			name = Products;
			sourceTree = "<group>";
		};
		8108AD0128B7ED6D00E881DE /* MovieMVP */ = {
			isa = PBXGroup;
			children = (
				8108AD5228BD377500E881DE /* App */,
				8108AD5328BD378500E881DE /* Helpers */,
				8108AD3A28B7F5E200E881DE /* NetworkLayer */,
				8164D7BD28ECAD2200659D31 /* OnboardingModule */,
				8108AD1828B7EDE500E881DE /* MainModule */,
				8108AD1D28B7EE5000E881DE /* DetailModule */,
				8108AD2228B7EE8300E881DE /* FavouritesModule */,
				818F400E28E21912009E0369 /* WebViewModule */,
				8108AD2728B7EF0900E881DE /* SettingsModule */,
				8108AD2F28B7F13700E881DE /* Extensions */,
				8108AD4328BA25BC00E881DE /* Resources */,
				8108AD0D28B7ED7000E881DE /* LaunchScreen.storyboard */,
				8108AD1028B7ED7000E881DE /* Info.plist */,
			);
			path = MovieMVP;
			sourceTree = "<group>";
		};
		8108AD1828B7EDE500E881DE /* MainModule */ = {
			isa = PBXGroup;
			children = (
				8108AD2B28B7EF5F00E881DE /* Model */,
				8108AD2828B7EF5E00E881DE /* View */,
				8108AD2A28B7EF5F00E881DE /* Presenter */,
			);
			path = MainModule;
			sourceTree = "<group>";
		};
		8108AD1928B7EDF400E881DE /* View */ = {
			isa = PBXGroup;
			children = (
				81735CC928CFA03F003F9D3F /* ProfileViewController.swift */,
			);
			path = View;
			sourceTree = "<group>";
		};
		8108AD1A28B7EDFE00E881DE /* Model */ = {
			isa = PBXGroup;
			children = (
			);
			path = Model;
			sourceTree = "<group>";
		};
		8108AD1C28B7EE2600E881DE /* Presenter */ = {
			isa = PBXGroup;
			children = (
				81735CCF28CFAE39003F9D3F /* ProfilePresenter.swift */,
			);
			path = Presenter;
			sourceTree = "<group>";
		};
		8108AD1D28B7EE5000E881DE /* DetailModule */ = {
			isa = PBXGroup;
			children = (
				8108AD5828BE9E7200E881DE /* Model */,
				8108AD1E28B7EE7300E881DE /* View */,
				8108AD2028B7EE7300E881DE /* Presenter */,
			);
			path = DetailModule;
			sourceTree = "<group>";
		};
		8108AD1E28B7EE7300E881DE /* View */ = {
			isa = PBXGroup;
			children = (
				8108AD4B28BA29C100E881DE /* DetailViewController.swift */,
				8108AD4F28BA2A9800E881DE /* Cell */,
			);
			path = View;
			sourceTree = "<group>";
		};
		8108AD2028B7EE7300E881DE /* Presenter */ = {
			isa = PBXGroup;
			children = (
				8108AD4928BA27E700E881DE /* DetailPresenter.swift */,
			);
			path = Presenter;
			sourceTree = "<group>";
		};
		8108AD2228B7EE8300E881DE /* FavouritesModule */ = {
			isa = PBXGroup;
			children = (
				8108AD2428B7EEDE00E881DE /* Model */,
				8108AD2528B7EEDE00E881DE /* View */,
				8108AD2328B7EEDE00E881DE /* Presenter */,
			);
			path = FavouritesModule;
			sourceTree = "<group>";
		};
		8108AD2328B7EEDE00E881DE /* Presenter */ = {
			isa = PBXGroup;
			children = (
				81735CCD28CFAA15003F9D3F /* FavouritesPresenter.swift */,
			);
			path = Presenter;
			sourceTree = "<group>";
		};
		8108AD2428B7EEDE00E881DE /* Model */ = {
			isa = PBXGroup;
			children = (
				8164D7B928E6001100659D31 /* RealmModel.swift */,
			);
			path = Model;
			sourceTree = "<group>";
		};
		8108AD2528B7EEDE00E881DE /* View */ = {
			isa = PBXGroup;
			children = (
				81735CCB28CFA06F003F9D3F /* FavouriteViewController.swift */,
				8164D7BC28E600BA00659D31 /* Cell */,
			);
			path = View;
			sourceTree = "<group>";
		};
		8108AD2728B7EF0900E881DE /* SettingsModule */ = {
			isa = PBXGroup;
			children = (
				8108AD1A28B7EDFE00E881DE /* Model */,
				8108AD1928B7EDF400E881DE /* View */,
				8108AD1C28B7EE2600E881DE /* Presenter */,
			);
			path = SettingsModule;
			sourceTree = "<group>";
		};
		8108AD2828B7EF5E00E881DE /* View */ = {
			isa = PBXGroup;
			children = (
				8108AD2C28B7F0BB00E881DE /* Cells */,
				8108AD4128B805CA00E881DE /* MainViewController.swift */,
				81735CC728CF9E58003F9D3F /* MainTabbarViewController.swift */,
			);
			path = View;
			sourceTree = "<group>";
		};
		8108AD2A28B7EF5F00E881DE /* Presenter */ = {
			isa = PBXGroup;
			children = (
				8108AD3D28B7FAE700E881DE /* MainPresenter.swift */,
			);
			path = Presenter;
			sourceTree = "<group>";
		};
		8108AD2B28B7EF5F00E881DE /* Model */ = {
			isa = PBXGroup;
			children = (
				8108AD3628B7F58C00E881DE /* MovieModel.swift */,
				8108AD5428BD392B00E881DE /* SerialModel.swift */,
			);
			path = Model;
			sourceTree = "<group>";
		};
		8108AD2C28B7F0BB00E881DE /* Cells */ = {
			isa = PBXGroup;
			children = (
				8108AD2D28B7F10600E881DE /* MainCollectionViewCell.swift */,
				8108AD3428B7F1B400E881DE /* TitleSupplementaryView.swift */,
			);
			path = Cells;
			sourceTree = "<group>";
		};
		8108AD2F28B7F13700E881DE /* Extensions */ = {
			isa = PBXGroup;
			children = (
				8108AD3028B7F15C00E881DE /* UIFont.swift */,
				8108AD3228B7F16E00E881DE /* UIColor.swift */,
				81820EC728F2C76200538792 /* UILabel.swift */,
			);
			path = Extensions;
			sourceTree = "<group>";
		};
		8108AD3A28B7F5E200E881DE /* NetworkLayer */ = {
			isa = PBXGroup;
			children = (
				8108AD3828B7F5C600E881DE /* NetworkService.swift */,
				8108AD3B28B7F8E200E881DE /* NetworkDataFetcher.swift */,
			);
			path = NetworkLayer;
			sourceTree = "<group>";
		};
		8108AD4328BA25BC00E881DE /* Resources */ = {
			isa = PBXGroup;
			children = (
				8108AD4428BA25E000E881DE /* Roboto-Bold.ttf */,
				8108AD4528BA25E000E881DE /* Roboto-Medium.ttf */,
				8108AD0B28B7ED7000E881DE /* Assets.xcassets */,
			);
			path = Resources;
			sourceTree = "<group>";
		};
		8108AD4F28BA2A9800E881DE /* Cell */ = {
			isa = PBXGroup;
			children = (
				8108AD4D28BA2A9300E881DE /* DetailCell.swift */,
			);
			path = Cell;
			sourceTree = "<group>";
		};
		8108AD5228BD377500E881DE /* App */ = {
			isa = PBXGroup;
			children = (
				8108AD0228B7ED6D00E881DE /* AppDelegate.swift */,
				8108AD0428B7ED6D00E881DE /* SceneDelegate.swift */,
			);
			path = App;
			sourceTree = "<group>";
		};
		8108AD5328BD378500E881DE /* Helpers */ = {
			isa = PBXGroup;
			children = (
				8108AD3F28B7FD3C00E881DE /* Constants.swift */,
				8108AD1628B7EDC000E881DE /* ModuleBuilder.swift */,
			);
			path = Helpers;
			sourceTree = "<group>";
		};
		8108AD5828BE9E7200E881DE /* Model */ = {
			isa = PBXGroup;
			children = (
				8108AD5628BE9E6C00E881DE /* SerialAndMovieCastModel.swift */,
			);
			path = Model;
			sourceTree = "<group>";
		};
		8164D7BC28E600BA00659D31 /* Cell */ = {
			isa = PBXGroup;
			children = (
				818F400C28E202B1009E0369 /* FavouriteCell.swift */,
			);
			path = Cell;
			sourceTree = "<group>";
		};
		8164D7BD28ECAD2200659D31 /* OnboardingModule */ = {
			isa = PBXGroup;
			children = (
				8164D7C028ECAD4600659D31 /* Model */,
				8164D7C128ECAD5300659D31 /* View */,
				8164D7C228ECAD6400659D31 /* Presenter */,
			);
			path = OnboardingModule;
			sourceTree = "<group>";
		};
		8164D7C028ECAD4600659D31 /* Model */ = {
			isa = PBXGroup;
			children = (
				8164D7C328ECAD7F00659D31 /* OnboardingModel.swift */,
			);
			path = Model;
			sourceTree = "<group>";
		};
		8164D7C128ECAD5300659D31 /* View */ = {
			isa = PBXGroup;
			children = (
				8164D7C528ECADF100659D31 /* OnboardingViewController.swift */,
				8164D7C728ECB3A700659D31 /* OnboardingCell.swift */,
			);
			path = View;
			sourceTree = "<group>";
		};
		8164D7C228ECAD6400659D31 /* Presenter */ = {
			isa = PBXGroup;
			children = (
				8164D7C928EE155900659D31 /* OnboardingPresenter.swift */,
			);
			path = Presenter;
			sourceTree = "<group>";
		};
		818F400E28E21912009E0369 /* WebViewModule */ = {
			isa = PBXGroup;
			children = (
				818F400F28E2192A009E0369 /* View */,
				818F401028E21932009E0369 /* Presenter */,
			);
			path = WebViewModule;
			sourceTree = "<group>";
		};
		818F400F28E2192A009E0369 /* View */ = {
			isa = PBXGroup;
			children = (
				818F401128E21957009E0369 /* WebViewViewController.swift */,
			);
			path = View;
			sourceTree = "<group>";
		};
		818F401028E21932009E0369 /* Presenter */ = {
			isa = PBXGroup;
			children = (
				818F401328E21A8C009E0369 /* WebViewPresenter.swift */,
			);
			path = Presenter;
			sourceTree = "<group>";
		};
/* End PBXGroup section */

/* Begin PBXNativeTarget section */
		8108ACFE28B7ED6D00E881DE /* MovieMVP */ = {
			isa = PBXNativeTarget;
			buildConfigurationList = 8108AD1328B7ED7000E881DE /* Build configuration list for PBXNativeTarget "MovieMVP" */;
			buildPhases = (
				8108ACFB28B7ED6D00E881DE /* Sources */,
				8108ACFC28B7ED6D00E881DE /* Frameworks */,
				8108ACFD28B7ED6D00E881DE /* Resources */,
			);
			buildRules = (
			);
			dependencies = (
			);
			name = MovieMVP;
			packageProductDependencies = (
				8164D7B528E5FC6200659D31 /* Realm */,
				8164D7B728E5FC6200659D31 /* RealmSwift */,
			);
			productName = MovieMVP;
			productReference = 8108ACFF28B7ED6D00E881DE /* MovieMVP.app */;
			productType = "com.apple.product-type.application";
		};
/* End PBXNativeTarget section */

/* Begin PBXProject section */
		8108ACF728B7ED6D00E881DE /* Project object */ = {
			isa = PBXProject;
			attributes = {
				BuildIndependentTargetsInParallel = 1;
				LastSwiftUpdateCheck = 1320;
				LastUpgradeCheck = 1320;
				TargetAttributes = {
					8108ACFE28B7ED6D00E881DE = {
						CreatedOnToolsVersion = 13.2.1;
					};
				};
			};
			buildConfigurationList = 8108ACFA28B7ED6D00E881DE /* Build configuration list for PBXProject "MovieMVP" */;
			compatibilityVersion = "Xcode 13.0";
			developmentRegion = en;
			hasScannedForEncodings = 0;
			knownRegions = (
				en,
				Base,
			);
			mainGroup = 8108ACF628B7ED6D00E881DE;
			packageReferences = (
				8164D7B428E5FC6200659D31 /* XCRemoteSwiftPackageReference "realm-swift" */,
			);
			productRefGroup = 8108AD0028B7ED6D00E881DE /* Products */;
			projectDirPath = "";
			projectRoot = "";
			targets = (
				8108ACFE28B7ED6D00E881DE /* MovieMVP */,
			);
		};
/* End PBXProject section */

/* Begin PBXResourcesBuildPhase section */
		8108ACFD28B7ED6D00E881DE /* Resources */ = {
			isa = PBXResourcesBuildPhase;
			buildActionMask = 2147483647;
			files = (
				8108AD4728BA25E000E881DE /* Roboto-Medium.ttf in Resources */,
				8108AD0F28B7ED7000E881DE /* LaunchScreen.storyboard in Resources */,
				8108AD0C28B7ED7000E881DE /* Assets.xcassets in Resources */,
				8108AD4628BA25E000E881DE /* Roboto-Bold.ttf in Resources */,
			);
			runOnlyForDeploymentPostprocessing = 0;
		};
/* End PBXResourcesBuildPhase section */

/* Begin PBXSourcesBuildPhase section */
		8108ACFB28B7ED6D00E881DE /* Sources */ = {
			isa = PBXSourcesBuildPhase;
			buildActionMask = 2147483647;
			files = (
				818F401428E21A8C009E0369 /* WebViewPresenter.swift in Sources */,
				8164D7BA28E6001100659D31 /* RealmModel.swift in Sources */,
				8108AD3928B7F5C600E881DE /* NetworkService.swift in Sources */,
				81735CD028CFAE39003F9D3F /* ProfilePresenter.swift in Sources */,
				8164D7C428ECAD7F00659D31 /* OnboardingModel.swift in Sources */,
				8108AD4228B805CA00E881DE /* MainViewController.swift in Sources */,
				81820EC828F2C76200538792 /* UILabel.swift in Sources */,
				8108AD3728B7F58C00E881DE /* MovieModel.swift in Sources */,
				8108AD4E28BA2A9300E881DE /* DetailCell.swift in Sources */,
				81735CCC28CFA06F003F9D3F /* FavouriteViewController.swift in Sources */,
				8108AD3C28B7F8E200E881DE /* NetworkDataFetcher.swift in Sources */,
				81735CCA28CFA03F003F9D3F /* ProfileViewController.swift in Sources */,
				8108AD3328B7F16E00E881DE /* UIColor.swift in Sources */,
				8108AD5528BD392B00E881DE /* SerialModel.swift in Sources */,
				8164D7C628ECADF100659D31 /* OnboardingViewController.swift in Sources */,
				818F401228E21957009E0369 /* WebViewViewController.swift in Sources */,
				8108AD4A28BA27E700E881DE /* DetailPresenter.swift in Sources */,
				8108AD0328B7ED6D00E881DE /* AppDelegate.swift in Sources */,
				8108AD3128B7F15C00E881DE /* UIFont.swift in Sources */,
				8164D7CA28EE155900659D31 /* OnboardingPresenter.swift in Sources */,
				81735CCE28CFAA15003F9D3F /* FavouritesPresenter.swift in Sources */,
				8108AD4028B7FD3C00E881DE /* Constants.swift in Sources */,
				8108AD3E28B7FAE700E881DE /* MainPresenter.swift in Sources */,
				81735CC828CF9E58003F9D3F /* MainTabbarViewController.swift in Sources */,
				8108AD2E28B7F10600E881DE /* MainCollectionViewCell.swift in Sources */,
				8108AD3528B7F1B400E881DE /* TitleSupplementaryView.swift in Sources */,
				818F400D28E202B1009E0369 /* FavouriteCell.swift in Sources */,
				8108AD4C28BA29C100E881DE /* DetailViewController.swift in Sources */,
				8164D7C828ECB3A700659D31 /* OnboardingCell.swift in Sources */,
				8108AD5728BE9E6C00E881DE /* SerialAndMovieCastModel.swift in Sources */,
				8108AD0528B7ED6D00E881DE /* SceneDelegate.swift in Sources */,
				8108AD1728B7EDC000E881DE /* ModuleBuilder.swift in Sources */,
			);
			runOnlyForDeploymentPostprocessing = 0;
		};
/* End PBXSourcesBuildPhase section */

/* Begin PBXVariantGroup section */
		8108AD0D28B7ED7000E881DE /* LaunchScreen.storyboard */ = {
			isa = PBXVariantGroup;
			children = (
				8108AD0E28B7ED7000E881DE /* Base */,
			);
			name = LaunchScreen.storyboard;
			sourceTree = "<group>";
		};
/* End PBXVariantGroup section */

/* Begin XCBuildConfiguration section */
		8108AD1128B7ED7000E881DE /* Debug */ = {
			isa = XCBuildConfiguration;
			buildSettings = {
				ALWAYS_SEARCH_USER_PATHS = NO;
				CLANG_ANALYZER_NONNULL = YES;
				CLANG_ANALYZER_NUMBER_OBJECT_CONVERSION = YES_AGGRESSIVE;
				CLANG_CXX_LANGUAGE_STANDARD = "gnu++17";
				CLANG_CXX_LIBRARY = "libc++";
				CLANG_ENABLE_MODULES = YES;
				CLANG_ENABLE_OBJC_ARC = YES;
				CLANG_ENABLE_OBJC_WEAK = YES;
				CLANG_WARN_BLOCK_CAPTURE_AUTORELEASING = YES;
				CLANG_WARN_BOOL_CONVERSION = YES;
				CLANG_WARN_COMMA = YES;
				CLANG_WARN_CONSTANT_CONVERSION = YES;
				CLANG_WARN_DEPRECATED_OBJC_IMPLEMENTATIONS = YES;
				CLANG_WARN_DIRECT_OBJC_ISA_USAGE = YES_ERROR;
				CLANG_WARN_DOCUMENTATION_COMMENTS = YES;
				CLANG_WARN_EMPTY_BODY = YES;
				CLANG_WARN_ENUM_CONVERSION = YES;
				CLANG_WARN_INFINITE_RECURSION = YES;
				CLANG_WARN_INT_CONVERSION = YES;
				CLANG_WARN_NON_LITERAL_NULL_CONVERSION = YES;
				CLANG_WARN_OBJC_IMPLICIT_RETAIN_SELF = YES;
				CLANG_WARN_OBJC_LITERAL_CONVERSION = YES;
				CLANG_WARN_OBJC_ROOT_CLASS = YES_ERROR;
				CLANG_WARN_QUOTED_INCLUDE_IN_FRAMEWORK_HEADER = YES;
				CLANG_WARN_RANGE_LOOP_ANALYSIS = YES;
				CLANG_WARN_STRICT_PROTOTYPES = YES;
				CLANG_WARN_SUSPICIOUS_MOVE = YES;
				CLANG_WARN_UNGUARDED_AVAILABILITY = YES_AGGRESSIVE;
				CLANG_WARN_UNREACHABLE_CODE = YES;
				CLANG_WARN__DUPLICATE_METHOD_MATCH = YES;
				COPY_PHASE_STRIP = NO;
				DEBUG_INFORMATION_FORMAT = dwarf;
				ENABLE_STRICT_OBJC_MSGSEND = YES;
				ENABLE_TESTABILITY = YES;
				GCC_C_LANGUAGE_STANDARD = gnu11;
				GCC_DYNAMIC_NO_PIC = NO;
				GCC_NO_COMMON_BLOCKS = YES;
				GCC_OPTIMIZATION_LEVEL = 0;
				GCC_PREPROCESSOR_DEFINITIONS = (
					"DEBUG=1",
					"$(inherited)",
				);
				GCC_WARN_64_TO_32_BIT_CONVERSION = YES;
				GCC_WARN_ABOUT_RETURN_TYPE = YES_ERROR;
				GCC_WARN_UNDECLARED_SELECTOR = YES;
				GCC_WARN_UNINITIALIZED_AUTOS = YES_AGGRESSIVE;
				GCC_WARN_UNUSED_FUNCTION = YES;
				GCC_WARN_UNUSED_VARIABLE = YES;
				IPHONEOS_DEPLOYMENT_TARGET = 15.2;
				MTL_ENABLE_DEBUG_INFO = INCLUDE_SOURCE;
				MTL_FAST_MATH = YES;
				ONLY_ACTIVE_ARCH = YES;
				SDKROOT = iphoneos;
				SWIFT_ACTIVE_COMPILATION_CONDITIONS = DEBUG;
				SWIFT_OPTIMIZATION_LEVEL = "-Onone";
			};
			name = Debug;
		};
		8108AD1228B7ED7000E881DE /* Release */ = {
			isa = XCBuildConfiguration;
			buildSettings = {
				ALWAYS_SEARCH_USER_PATHS = NO;
				CLANG_ANALYZER_NONNULL = YES;
				CLANG_ANALYZER_NUMBER_OBJECT_CONVERSION = YES_AGGRESSIVE;
				CLANG_CXX_LANGUAGE_STANDARD = "gnu++17";
				CLANG_CXX_LIBRARY = "libc++";
				CLANG_ENABLE_MODULES = YES;
				CLANG_ENABLE_OBJC_ARC = YES;
				CLANG_ENABLE_OBJC_WEAK = YES;
				CLANG_WARN_BLOCK_CAPTURE_AUTORELEASING = YES;
				CLANG_WARN_BOOL_CONVERSION = YES;
				CLANG_WARN_COMMA = YES;
				CLANG_WARN_CONSTANT_CONVERSION = YES;
				CLANG_WARN_DEPRECATED_OBJC_IMPLEMENTATIONS = YES;
				CLANG_WARN_DIRECT_OBJC_ISA_USAGE = YES_ERROR;
				CLANG_WARN_DOCUMENTATION_COMMENTS = YES;
				CLANG_WARN_EMPTY_BODY = YES;
				CLANG_WARN_ENUM_CONVERSION = YES;
				CLANG_WARN_INFINITE_RECURSION = YES;
				CLANG_WARN_INT_CONVERSION = YES;
				CLANG_WARN_NON_LITERAL_NULL_CONVERSION = YES;
				CLANG_WARN_OBJC_IMPLICIT_RETAIN_SELF = YES;
				CLANG_WARN_OBJC_LITERAL_CONVERSION = YES;
				CLANG_WARN_OBJC_ROOT_CLASS = YES_ERROR;
				CLANG_WARN_QUOTED_INCLUDE_IN_FRAMEWORK_HEADER = YES;
				CLANG_WARN_RANGE_LOOP_ANALYSIS = YES;
				CLANG_WARN_STRICT_PROTOTYPES = YES;
				CLANG_WARN_SUSPICIOUS_MOVE = YES;
				CLANG_WARN_UNGUARDED_AVAILABILITY = YES_AGGRESSIVE;
				CLANG_WARN_UNREACHABLE_CODE = YES;
				CLANG_WARN__DUPLICATE_METHOD_MATCH = YES;
				COPY_PHASE_STRIP = NO;
				DEBUG_INFORMATION_FORMAT = "dwarf-with-dsym";
				ENABLE_NS_ASSERTIONS = NO;
				ENABLE_STRICT_OBJC_MSGSEND = YES;
				GCC_C_LANGUAGE_STANDARD = gnu11;
				GCC_NO_COMMON_BLOCKS = YES;
				GCC_WARN_64_TO_32_BIT_CONVERSION = YES;
				GCC_WARN_ABOUT_RETURN_TYPE = YES_ERROR;
				GCC_WARN_UNDECLARED_SELECTOR = YES;
				GCC_WARN_UNINITIALIZED_AUTOS = YES_AGGRESSIVE;
				GCC_WARN_UNUSED_FUNCTION = YES;
				GCC_WARN_UNUSED_VARIABLE = YES;
				IPHONEOS_DEPLOYMENT_TARGET = 15.2;
				MTL_ENABLE_DEBUG_INFO = NO;
				MTL_FAST_MATH = YES;
				SDKROOT = iphoneos;
				SWIFT_COMPILATION_MODE = wholemodule;
				SWIFT_OPTIMIZATION_LEVEL = "-O";
				VALIDATE_PRODUCT = YES;
			};
			name = Release;
		};
		8108AD1428B7ED7000E881DE /* Debug */ = {
			isa = XCBuildConfiguration;
			buildSettings = {
				ASSETCATALOG_COMPILER_APPICON_NAME = AppIcon;
				ASSETCATALOG_COMPILER_GLOBAL_ACCENT_COLOR_NAME = AccentColor;
				CODE_SIGN_STYLE = Automatic;
				CURRENT_PROJECT_VERSION = 1;
				DEVELOPMENT_TEAM = 7Y6N89L5D4;
				GENERATE_INFOPLIST_FILE = YES;
				INFOPLIST_FILE = MovieMVP/Info.plist;
				INFOPLIST_KEY_UIApplicationSupportsIndirectInputEvents = YES;
				INFOPLIST_KEY_UILaunchStoryboardName = LaunchScreen;
				INFOPLIST_KEY_UISupportedInterfaceOrientations = UIInterfaceOrientationPortrait;
				INFOPLIST_KEY_UISupportedInterfaceOrientations_iPad = "UIInterfaceOrientationPortrait UIInterfaceOrientationPortraitUpsideDown UIInterfaceOrientationLandscapeLeft UIInterfaceOrientationLandscapeRight";
				INFOPLIST_KEY_UISupportedInterfaceOrientations_iPhone = "UIInterfaceOrientationPortrait UIInterfaceOrientationLandscapeLeft UIInterfaceOrientationLandscapeRight";
				LD_RUNPATH_SEARCH_PATHS = (
					"$(inherited)",
					"@executable_path/Frameworks",
				);
				MARKETING_VERSION = 1.0;
				PRODUCT_BUNDLE_IDENTIFIER = AndreyFackir.MovieMVP;
				PRODUCT_NAME = "$(TARGET_NAME)";
				SWIFT_EMIT_LOC_STRINGS = YES;
				SWIFT_VERSION = 5.0;
				TARGETED_DEVICE_FAMILY = "1,2";
			};
			name = Debug;
		};
		8108AD1528B7ED7000E881DE /* Release */ = {
			isa = XCBuildConfiguration;
			buildSettings = {
				ASSETCATALOG_COMPILER_APPICON_NAME = AppIcon;
				ASSETCATALOG_COMPILER_GLOBAL_ACCENT_COLOR_NAME = AccentColor;
				CODE_SIGN_STYLE = Automatic;
				CURRENT_PROJECT_VERSION = 1;
				DEVELOPMENT_TEAM = 7Y6N89L5D4;
				GENERATE_INFOPLIST_FILE = YES;
				INFOPLIST_FILE = MovieMVP/Info.plist;
				INFOPLIST_KEY_UIApplicationSupportsIndirectInputEvents = YES;
				INFOPLIST_KEY_UILaunchStoryboardName = LaunchScreen;
				INFOPLIST_KEY_UISupportedInterfaceOrientations = UIInterfaceOrientationPortrait;
				INFOPLIST_KEY_UISupportedInterfaceOrientations_iPad = "UIInterfaceOrientationPortrait UIInterfaceOrientationPortraitUpsideDown UIInterfaceOrientationLandscapeLeft UIInterfaceOrientationLandscapeRight";
				INFOPLIST_KEY_UISupportedInterfaceOrientations_iPhone = "UIInterfaceOrientationPortrait UIInterfaceOrientationLandscapeLeft UIInterfaceOrientationLandscapeRight";
				LD_RUNPATH_SEARCH_PATHS = (
					"$(inherited)",
					"@executable_path/Frameworks",
				);
				MARKETING_VERSION = 1.0;
				PRODUCT_BUNDLE_IDENTIFIER = AndreyFackir.MovieMVP;
				PRODUCT_NAME = "$(TARGET_NAME)";
				SWIFT_EMIT_LOC_STRINGS = YES;
				SWIFT_VERSION = 5.0;
				TARGETED_DEVICE_FAMILY = "1,2";
			};
			name = Release;
		};
/* End XCBuildConfiguration section */

/* Begin XCConfigurationList section */
		8108ACFA28B7ED6D00E881DE /* Build configuration list for PBXProject "MovieMVP" */ = {
			isa = XCConfigurationList;
			buildConfigurations = (
				8108AD1128B7ED7000E881DE /* Debug */,
				8108AD1228B7ED7000E881DE /* Release */,
			);
			defaultConfigurationIsVisible = 0;
			defaultConfigurationName = Release;
		};
		8108AD1328B7ED7000E881DE /* Build configuration list for PBXNativeTarget "MovieMVP" */ = {
			isa = XCConfigurationList;
			buildConfigurations = (
				8108AD1428B7ED7000E881DE /* Debug */,
				8108AD1528B7ED7000E881DE /* Release */,
			);
			defaultConfigurationIsVisible = 0;
			defaultConfigurationName = Release;
		};
/* End XCConfigurationList section */

/* Begin XCRemoteSwiftPackageReference section */
		8164D7B428E5FC6200659D31 /* XCRemoteSwiftPackageReference "realm-swift" */ = {
			isa = XCRemoteSwiftPackageReference;
			repositoryURL = "https://github.com/realm/realm-swift";
			requirement = {
				branch = master;
				kind = branch;
			};
		};
/* End XCRemoteSwiftPackageReference section */

/* Begin XCSwiftPackageProductDependency section */
		8164D7B528E5FC6200659D31 /* Realm */ = {
			isa = XCSwiftPackageProductDependency;
			package = 8164D7B428E5FC6200659D31 /* XCRemoteSwiftPackageReference "realm-swift" */;
			productName = Realm;
		};
		8164D7B728E5FC6200659D31 /* RealmSwift */ = {
			isa = XCSwiftPackageProductDependency;
			package = 8164D7B428E5FC6200659D31 /* XCRemoteSwiftPackageReference "realm-swift" */;
			productName = RealmSwift;
		};
/* End XCSwiftPackageProductDependency section */
	};
	rootObject = 8108ACF728B7ED6D00E881DE /* Project object */;
}
